
Microsoft Visual Studio Solution File, Format Version 10.00
# Visual Studio 2008
Project("{8BC9CEB8-8B4A-11D0-8D11-00A0C91BC942}") = "alfont_dll", "alfont_dll.vcproj", "{CA4F3494-58C3-4A3C-8F99-AE6816B5881E}"
EndProject
Project("{8BC9CEB8-8B4A-11D0-8D11-00A0C91BC942}") = "alfont_static", "alfont_static.vcproj", "{F265E3D4-D7C0-4E52-8E17-C996CBEBBBF4}"
EndProject
Project("{8BC9CEB8-8B4A-11D0-8D11-00A0C91BC942}") = "example1", "examples\example1.vcproj", "{D4849BEA-4A12-4AE2-B9F8-402DEC2929C6}"
	ProjectSection(ProjectDependencies) = postProject
		{CA4F3494-58C3-4A3C-8F99-AE6816B5881E} = {CA4F3494-58C3-4A3C-8F99-AE6816B5881E}
		{F265E3D4-D7C0-4E52-8E17-C996CBEBBBF4} = {F265E3D4-D7C0-4E52-8E17-C996CBEBBBF4}
	EndProjectSection
EndProject
Global
	GlobalSection(SolutionConfigurationPlatforms) = preSolution
		Debug MD|Win32 = Debug MD|Win32
		Debug MT|Win32 = Debug MT|Win32
		Release MD|Win32 = Release MD|Win32
		Release MT|Win32 = Release MT|Win32
	EndGlobalSection
	GlobalSection(ProjectConfigurationPlatforms) = postSolution
		{CA4F3494-58C3-4A3C-8F99-AE6816B5881E}.Debug MD|Win32.ActiveCfg = Debug MD|Win32
		{CA4F3494-58C3-4A3C-8F99-AE6816B5881E}.Debug MD|Win32.Build.0 = Debug MD|Win32
		{CA4F3494-58C3-4A3C-8F99-AE6816B5881E}.Debug MT|Win32.ActiveCfg = Debug MT|Win32
		{CA4F3494-58C3-4A3C-8F99-AE6816B5881E}.Debug MT|Win32.Build.0 = Debug MT|Win32
		{CA4F3494-58C3-4A3C-8F99-AE6816B5881E}.Release MD|Win32.ActiveCfg = MD|Win32
		{CA4F3494-58C3-4A3C-8F99-AE6816B5881E}.Release MD|Win32.Build.0 = MD|Win32
		{CA4F3494-58C3-4A3C-8F99-AE6816B5881E}.Release MT|Win32.ActiveCfg = MT|Win32
		{CA4F3494-58C3-4A3C-8F99-AE6816B5881E}.Release MT|Win32.Build.0 = MT|Win32
		{F265E3D4-D7C0-4E52-8E17-C996CBEBBBF4}.Debug MD|Win32.ActiveCfg = Debug MD|Win32
		{F265E3D4-D7C0-4E52-8E17-C996CBEBBBF4}.Debug MD|Win32.Build.0 = Debug MD|Win32
		{F265E3D4-D7C0-4E52-8E17-C996CBEBBBF4}.Debug MT|Win32.ActiveCfg = Debug MT|Win32
		{F265E3D4-D7C0-4E52-8E17-C996CBEBBBF4}.Debug MT|Win32.Build.0 = Debug MT|Win32
		{F265E3D4-D7C0-4E52-8E17-C996CBEBBBF4}.Release MD|Win32.ActiveCfg = MD|Win32
		{F265E3D4-D7C0-4E52-8E17-C996CBEBBBF4}.Release MD|Win32.Build.0 = MD|Win32
		{F265E3D4-D7C0-4E52-8E17-C996CBEBBBF4}.Release MT|Win32.ActiveCfg = MT|Win32
		{F265E3D4-D7C0-4E52-8E17-C996CBEBBBF4}.Release MT|Win32.Build.0 = MT|Win32
		{D4849BEA-4A12-4AE2-B9F8-402DEC2929C6}.Debug MD|Win32.ActiveCfg = Debug MD|Win32
		{D4849BEA-4A12-4AE2-B9F8-402DEC2929C6}.Debug MD|Win32.Build.0 = Debug MD|Win32
		{D4849BEA-4A12-4AE2-B9F8-402DEC2929C6}.Debug MT|Win32.ActiveCfg = Debug MT|Win32
		{D4849BEA-4A12-4AE2-B9F8-402DEC2929C6}.Debug MT|Win32.Build.0 = Debug MT|Win32
		{D4849BEA-4A12-4AE2-B9F8-402DEC2929C6}.Release MD|Win32.ActiveCfg = Release|Win32
		{D4849BEA-4A12-4AE2-B9F8-402DEC2929C6}.Release MD|Win32.Build.0 = Release|Win32
		{D4849BEA-4A12-4AE2-B9F8-402DEC2929C6}.Release MT|Win32.ActiveCfg = Release|Win32
		{D4849BEA-4A12-4AE2-B9F8-402DEC2929C6}.Release MT|Win32.Build.0 = Release|Win32
	EndGlobalSection
	GlobalSection(SolutionProperties) = preSolution
		HideSolutionNode = FALSE
	EndGlobalSection
EndGlobal
